{
  "nodes": {
    "nixpkgs": {
      "locked": {
        "lastModified": 1730713481,
        "narHash": "sha256-1cQjQgaXJU+3WinYxpSbWDzkqyikkcYugzNw4ag3kY8=",
        "owner": "NixOs",
        "repo": "nixpkgs",
        "rev": "14e770eef73f088e1fda9d05c2259553165bd411",
        "type": "github"
      },
      "original": {
        "owner": "NixOs",
        "repo": "nixpkgs",
        "type": "github"
      }
    },
    "root": {
      "inputs": {
        "nixpkgs": "nixpkgs"
      }
    }
  },
  "root": "root",
  "version": 7
}
