{
  "nodes": {
    "nixpkgs": {
      "locked": {
        "lastModified": 1759826065,
        "narHash": "sha256-DQWgxHhdQ4ys8q0VcF388WxJQQvdLOGK5gOBnVtdhE0=",
        "owner": "NixOs",
        "repo": "nixpkgs",
        "rev": "9dc7035bbee85ffc740d893e02cb64460f11989f",
        "type": "github"
      },
      "original": {
        "owner": "NixOs",
        "repo": "nixpkgs",
        "type": "github"
      }
    },
    "root": {
      "inputs": {
        "nixpkgs": "nixpkgs"
      }
    }
  },
  "root": "root",
  "version": 7
}
